
Microsoft Visual Studio Solution File, Format Version 12.00
# Visual Studio Version 17
VisualStudioVersion = 17.6.33815.320
MinimumVisualStudioVersion = 10.0.40219.1
Project("{FAE04EC0-301F-11D3-BF4B-00C04F79EFBC}") = "LogRegIdentity", "LogRegIdentity\LogRegIdentity.csproj", "{E50CDF06-F330-4F1A-9C75-D2FF8D8802C7}"
EndProject
Global
	GlobalSection(SolutionConfigurationPlatforms) = preSolution
		Debug|Any CPU = Debug|Any CPU
		Release|Any CPU = Release|Any CPU
	EndGlobalSection
	GlobalSection(ProjectConfigurationPlatforms) = postSolution
		{E50CDF06-F330-4F1A-9C75-D2FF8D8802C7}.Debug|Any CPU.ActiveCfg = Debug|Any CPU
		{E50CDF06-F330-4F1A-9C75-D2FF8D8802C7}.Debug|Any CPU.Build.0 = Debug|Any CPU
		{E50CDF06-F330-4F1A-9C75-D2FF8D8802C7}.Release|Any CPU.ActiveCfg = Release|Any CPU
		{E50CDF06-F330-4F1A-9C75-D2FF8D8802C7}.Release|Any CPU.Build.0 = Release|Any CPU
	EndGlobalSection
	GlobalSection(SolutionProperties) = preSolution
		HideSolutionNode = FALSE
	EndGlobalSection
	GlobalSection(ExtensibilityGlobals) = postSolution
		SolutionGuid = {FB31EFFB-D279-455B-A0C0-22BCA5246A3B}
	EndGlobalSection
EndGlobal
